// !$*UTF8*$!
{
	archiveVersion = 1;
	classes = {
	};
	objectVersion = 46;
	objects = {

/* Begin PBXBuildFile section */
		BC9674DB1A1B6CC100D9E83D /* Foundation.framework in Frameworks */ = {isa = PBXBuildFile; fileRef = BC9674DA1A1B6CC100D9E83D /* Foundation.framework */; };
		BC9674DD1A1B6CC100D9E83D /* CoreGraphics.framework in Frameworks */ = {isa = PBXBuildFile; fileRef = BC9674DC1A1B6CC100D9E83D /* CoreGraphics.framework */; };
		BC9674DF1A1B6CC100D9E83D /* UIKit.framework in Frameworks */ = {isa = PBXBuildFile; fileRef = BC9674DE1A1B6CC100D9E83D /* UIKit.framework */; };
		BC9674E51A1B6CC100D9E83D /* InfoPlist.strings in Resources */ = {isa = PBXBuildFile; fileRef = BC9674E31A1B6CC100D9E83D /* InfoPlist.strings */; };
		BC9674E71A1B6CC100D9E83D /* main.m in Sources */ = {isa = PBXBuildFile; fileRef = BC9674E61A1B6CC100D9E83D /* main.m */; };
		BC9674EB1A1B6CC100D9E83D /* AppDelegate.m in Sources */ = {isa = PBXBuildFile; fileRef = BC9674EA1A1B6CC100D9E83D /* AppDelegate.m */; };
		BC9674ED1A1B6CC100D9E83D /* Images.xcassets in Resources */ = {isa = PBXBuildFile; fileRef = BC9674EC1A1B6CC100D9E83D /* Images.xcassets */; };
		BC9674F41A1B6CC100D9E83D /* XCTest.framework in Frameworks */ = {isa = PBXBuildFile; fileRef = BC9674F31A1B6CC100D9E83D /* XCTest.framework */; };
		BC9674F51A1B6CC100D9E83D /* Foundation.framework in Frameworks */ = {isa = PBXBuildFile; fileRef = BC9674DA1A1B6CC100D9E83D /* Foundation.framework */; };
		BC9674F61A1B6CC100D9E83D /* UIKit.framework in Frameworks */ = {isa = PBXBuildFile; fileRef = BC9674DE1A1B6CC100D9E83D /* UIKit.framework */; };
		BC9674FE1A1B6CC100D9E83D /* InfoPlist.strings in Resources */ = {isa = PBXBuildFile; fileRef = BC9674FC1A1B6CC100D9E83D /* InfoPlist.strings */; };
		BC9675001A1B6CC100D9E83D /* ____Tests.m in Sources */ = {isa = PBXBuildFile; fileRef = BC9674FF1A1B6CC100D9E83D /* ____Tests.m */; };
/* End PBXBuildFile section */

/* Begin PBXContainerItemProxy section */
		BC9674F71A1B6CC100D9E83D /* PBXContainerItemProxy */ = {
			isa = PBXContainerItemProxy;
			containerPortal = BC9674CF1A1B6CC100D9E83D /* Project object */;
			proxyType = 1;
			remoteGlobalIDString = BC9674D61A1B6CC100D9E83D;
			remoteInfo = "网易新闻";
		};
/* End PBXContainerItemProxy section */

/* Begin PBXFileReference section */
		BC9674D71A1B6CC100D9E83D /* 网易新闻.app */ = {isa = PBXFileReference; explicitFileType = wrapper.application; includeInIndex = 0; path = "网易新闻.app"; sourceTree = BUILT_PRODUCTS_DIR; };
		BC9674DA1A1B6CC100D9E83D /* Foundation.framework */ = {isa = PBXFileReference; lastKnownFileType = wrapper.framework; name = Foundation.framework; path = System/Library/Frameworks/Foundation.framework; sourceTree = SDKROOT; };
		BC9674DC1A1B6CC100D9E83D /* CoreGraphics.framework */ = {isa = PBXFileReference; lastKnownFileType = wrapper.framework; name = CoreGraphics.framework; path = System/Library/Frameworks/CoreGraphics.framework; sourceTree = SDKROOT; };
		BC9674DE1A1B6CC100D9E83D /* UIKit.framework */ = {isa = PBXFileReference; lastKnownFileType = wrapper.framework; name = UIKit.framework; path = System/Library/Frameworks/UIKit.framework; sourceTree = SDKROOT; };
		BC9674E21A1B6CC100D9E83D /* 网易新闻-Info.plist */ = {isa = PBXFileReference; lastKnownFileType = text.plist.xml; path = "网易新闻-Info.plist"; sourceTree = "<group>"; };
		BC9674E41A1B6CC100D9E83D /* en */ = {isa = PBXFileReference; lastKnownFileType = text.plist.strings; name = en; path = en.lproj/InfoPlist.strings; sourceTree = "<group>"; };
		BC9674E61A1B6CC100D9E83D /* main.m */ = {isa = PBXFileReference; lastKnownFileType = sourcecode.c.objc; path = main.m; sourceTree = "<group>"; };
		BC9674E81A1B6CC100D9E83D /* 网易新闻-Prefix.pch */ = {isa = PBXFileReference; lastKnownFileType = sourcecode.c.h; path = "网易新闻-Prefix.pch"; sourceTree = "<group>"; };
		BC9674E91A1B6CC100D9E83D /* AppDelegate.h */ = {isa = PBXFileReference; lastKnownFileType = sourcecode.c.h; path = AppDelegate.h; sourceTree = "<group>"; };
		BC9674EA1A1B6CC100D9E83D /* AppDelegate.m */ = {isa = PBXFileReference; lastKnownFileType = sourcecode.c.objc; path = AppDelegate.m; sourceTree = "<group>"; };
		BC9674EC1A1B6CC100D9E83D /* Images.xcassets */ = {isa = PBXFileReference; lastKnownFileType = folder.assetcatalog; path = Images.xcassets; sourceTree = "<group>"; };
		BC9674F21A1B6CC100D9E83D /* 网易新闻Tests.xctest */ = {isa = PBXFileReference; explicitFileType = wrapper.cfbundle; includeInIndex = 0; path = "网易新闻Tests.xctest"; sourceTree = BUILT_PRODUCTS_DIR; };
		BC9674F31A1B6CC100D9E83D /* XCTest.framework */ = {isa = PBXFileReference; lastKnownFileType = wrapper.framework; name = XCTest.framework; path = Library/Frameworks/XCTest.framework; sourceTree = DEVELOPER_DIR; };
		BC9674FB1A1B6CC100D9E83D /* 网易新闻Tests-Info.plist */ = {isa = PBXFileReference; lastKnownFileType = text.plist.xml; path = "网易新闻Tests-Info.plist"; sourceTree = "<group>"; };
		BC9674FD1A1B6CC100D9E83D /* en */ = {isa = PBXFileReference; lastKnownFileType = text.plist.strings; name = en; path = en.lproj/InfoPlist.strings; sourceTree = "<group>"; };
		BC9674FF1A1B6CC100D9E83D /* ____Tests.m */ = {isa = PBXFileReference; lastKnownFileType = sourcecode.c.objc; path = "____Tests.m"; sourceTree = "<group>"; };
/* End PBXFileReference section */

/* Begin PBXFrameworksBuildPhase section */
		BC9674D41A1B6CC100D9E83D /* Frameworks */ = {
			isa = PBXFrameworksBuildPhase;
			buildActionMask = 2147483647;
			files = (
				BC9674DD1A1B6CC100D9E83D /* CoreGraphics.framework in Frameworks */,
				BC9674DF1A1B6CC100D9E83D /* UIKit.framework in Frameworks */,
				BC9674DB1A1B6CC100D9E83D /* Foundation.framework in Frameworks */,
			);
			runOnlyForDeploymentPostprocessing = 0;
		};
		BC9674EF1A1B6CC100D9E83D /* Frameworks */ = {
			isa = PBXFrameworksBuildPhase;
			buildActionMask = 2147483647;
			files = (
				BC9674F41A1B6CC100D9E83D /* XCTest.framework in Frameworks */,
				BC9674F61A1B6CC100D9E83D /* UIKit.framework in Frameworks */,
				BC9674F51A1B6CC100D9E83D /* Foundation.framework in Frameworks */,
			);
			runOnlyForDeploymentPostprocessing = 0;
		};
/* End PBXFrameworksBuildPhase section */

/* Begin PBXGroup section */
		BC9674CE1A1B6CC100D9E83D = {
			isa = PBXGroup;
			children = (
				BC9674E01A1B6CC100D9E83D /* 网易新闻 */,
				BC9674F91A1B6CC100D9E83D /* 网易新闻Tests */,
				BC9674D91A1B6CC100D9E83D /* Frameworks */,
				BC9674D81A1B6CC100D9E83D /* Products */,
			);
			sourceTree = "<group>";
		};
		BC9674D81A1B6CC100D9E83D /* Products */ = {
			isa = PBXGroup;
			children = (
				BC9674D71A1B6CC100D9E83D /* 网易新闻.app */,
				BC9674F21A1B6CC100D9E83D /* 网易新闻Tests.xctest */,
			);
			name = Products;
			sourceTree = "<group>";
		};
		BC9674D91A1B6CC100D9E83D /* Frameworks */ = {
			isa = PBXGroup;
			children = (
				BC9674DA1A1B6CC100D9E83D /* Foundation.framework */,
				BC9674DC1A1B6CC100D9E83D /* CoreGraphics.framework */,
				BC9674DE1A1B6CC100D9E83D /* UIKit.framework */,
				BC9674F31A1B6CC100D9E83D /* XCTest.framework */,
			);
			name = Frameworks;
			sourceTree = "<group>";
		};
		BC9674E01A1B6CC100D9E83D /* 网易新闻 */ = {
			isa = PBXGroup;
			children = (
				BC9674E91A1B6CC100D9E83D /* AppDelegate.h */,
				BC9674EA1A1B6CC100D9E83D /* AppDelegate.m */,
				BC9674EC1A1B6CC100D9E83D /* Images.xcassets */,
				BC9674E11A1B6CC100D9E83D /* Supporting Files */,
			);
			path = "网易新闻";
			sourceTree = "<group>";
		};
		BC9674E11A1B6CC100D9E83D /* Supporting Files */ = {
			isa = PBXGroup;
			children = (
				BC9674E21A1B6CC100D9E83D /* 网易新闻-Info.plist */,
				BC9674E31A1B6CC100D9E83D /* InfoPlist.strings */,
				BC9674E61A1B6CC100D9E83D /* main.m */,
				BC9674E81A1B6CC100D9E83D /* 网易新闻-Prefix.pch */,
			);
			name = "Supporting Files";
			sourceTree = "<group>";
		};
		BC9674F91A1B6CC100D9E83D /* 网易新闻Tests */ = {
			isa = PBXGroup;
			children = (
				BC9674FF1A1B6CC100D9E83D /* ____Tests.m */,
				BC9674FA1A1B6CC100D9E83D /* Supporting Files */,
			);
			path = "网易新闻Tests";
			sourceTree = "<group>";
		};
		BC9674FA1A1B6CC100D9E83D /* Supporting Files */ = {
			isa = PBXGroup;
			children = (
				BC9674FB1A1B6CC100D9E83D /* 网易新闻Tests-Info.plist */,
				BC9674FC1A1B6CC100D9E83D /* InfoPlist.strings */,
			);
			name = "Supporting Files";
			sourceTree = "<group>";
		};
/* End PBXGroup section */

/* Begin PBXNativeTarget section */
		BC9674D61A1B6CC100D9E83D /* 网易新闻 */ = {
			isa = PBXNativeTarget;
			buildConfigurationList = BC9675031A1B6CC100D9E83D /* Build configuration list for PBXNativeTarget "网易新闻" */;
			buildPhases = (
				BC9674D31A1B6CC100D9E83D /* Sources */,
				BC9674D41A1B6CC100D9E83D /* Frameworks */,
				BC9674D51A1B6CC100D9E83D /* Resources */,
			);
			buildRules = (
			);
			dependencies = (
			);
			name = "网易新闻";
			productName = "网易新闻";
			productReference = BC9674D71A1B6CC100D9E83D /* 网易新闻.app */;
			productType = "com.apple.product-type.application";
		};
		BC9674F11A1B6CC100D9E83D /* 网易新闻Tests */ = {
			isa = PBXNativeTarget;
			buildConfigurationList = BC9675061A1B6CC100D9E83D /* Build configuration list for PBXNativeTarget "网易新闻Tests" */;
			buildPhases = (
				BC9674EE1A1B6CC100D9E83D /* Sources */,
				BC9674EF1A1B6CC100D9E83D /* Frameworks */,
				BC9674F01A1B6CC100D9E83D /* Resources */,
			);
			buildRules = (
			);
			dependencies = (
				BC9674F81A1B6CC100D9E83D /* PBXTargetDependency */,
			);
			name = "网易新闻Tests";
			productName = "网易新闻Tests";
			productReference = BC9674F21A1B6CC100D9E83D /* 网易新闻Tests.xctest */;
			productType = "com.apple.product-type.bundle.unit-test";
		};
/* End PBXNativeTarget section */

/* Begin PBXProject section */
		BC9674CF1A1B6CC100D9E83D /* Project object */ = {
			isa = PBXProject;
			attributes = {
				LastUpgradeCheck = 0510;
				ORGANIZATIONNAME = "___FULLUSERNAME___";
				TargetAttributes = {
					BC9674F11A1B6CC100D9E83D = {
						TestTargetID = BC9674D61A1B6CC100D9E83D;
					};
				};
			};
			buildConfigurationList = BC9674D21A1B6CC100D9E83D /* Build configuration list for PBXProject "网易新闻" */;
			compatibilityVersion = "Xcode 3.2";
			developmentRegion = English;
			hasScannedForEncodings = 0;
			knownRegions = (
				en,
			);
			mainGroup = BC9674CE1A1B6CC100D9E83D;
			productRefGroup = BC9674D81A1B6CC100D9E83D /* Products */;
			projectDirPath = "";
			projectRoot = "";
			targets = (
				BC9674D61A1B6CC100D9E83D /* 网易新闻 */,
				BC9674F11A1B6CC100D9E83D /* 网易新闻Tests */,
			);
		};
/* End PBXProject section */

/* Begin PBXResourcesBuildPhase section */
		BC9674D51A1B6CC100D9E83D /* Resources */ = {
			isa = PBXResourcesBuildPhase;
			buildActionMask = 2147483647;
			files = (
				BC9674E51A1B6CC100D9E83D /* InfoPlist.strings in Resources */,
				BC9674ED1A1B6CC100D9E83D /* Images.xcassets in Resources */,
			);
			runOnlyForDeploymentPostprocessing = 0;
		};
		BC9674F01A1B6CC100D9E83D /* Resources */ = {
			isa = PBXResourcesBuildPhase;
			buildActionMask = 2147483647;
			files = (
				BC9674FE1A1B6CC100D9E83D /* InfoPlist.strings in Resources */,
			);
			runOnlyForDeploymentPostprocessing = 0;
		};
/* End PBXResourcesBuildPhase section */

/* Begin PBXSourcesBuildPhase section */
		BC9674D31A1B6CC100D9E83D /* Sources */ = {
			isa = PBXSourcesBuildPhase;
			buildActionMask = 2147483647;
			files = (
				BC9674EB1A1B6CC100D9E83D /* AppDelegate.m in Sources */,
				BC9674E71A1B6CC100D9E83D /* main.m in Sources */,
			);
			runOnlyForDeploymentPostprocessing = 0;
		};
		BC9674EE1A1B6CC100D9E83D /* Sources */ = {
			isa = PBXSourcesBuildPhase;
			buildActionMask = 2147483647;
			files = (
				BC9675001A1B6CC100D9E83D /* ____Tests.m in Sources */,
			);
			runOnlyForDeploymentPostprocessing = 0;
		};
/* End PBXSourcesBuildPhase section */

/* Begin PBXTargetDependency section */
		BC9674F81A1B6CC100D9E83D /* PBXTargetDependency */ = {
			isa = PBXTargetDependency;
			target = BC9674D61A1B6CC100D9E83D /* 网易新闻 */;
			targetProxy = BC9674F71A1B6CC100D9E83D /* PBXContainerItemProxy */;
		};
/* End PBXTargetDependency section */

/* Begin PBXVariantGroup section */
		BC9674E31A1B6CC100D9E83D /* InfoPlist.strings */ = {
			isa = PBXVariantGroup;
			children = (
				BC9674E41A1B6CC100D9E83D /* en */,
			);
			name = InfoPlist.strings;
			sourceTree = "<group>";
		};
		BC9674FC1A1B6CC100D9E83D /* InfoPlist.strings */ = {
			isa = PBXVariantGroup;
			children = (
				BC9674FD1A1B6CC100D9E83D /* en */,
			);
			name = InfoPlist.strings;
			sourceTree = "<group>";
		};
/* End PBXVariantGroup section */

/* Begin XCBuildConfiguration section */
		BC9675011A1B6CC100D9E83D /* Debug */ = {
			isa = XCBuildConfiguration;
			buildSettings = {
				ALWAYS_SEARCH_USER_PATHS = NO;
				CLANG_CXX_LANGUAGE_STANDARD = "gnu++0x";
				CLANG_CXX_LIBRARY = "libc++";
				CLANG_ENABLE_MODULES = YES;
				CLANG_ENABLE_OBJC_ARC = YES;
				CLANG_WARN_BOOL_CONVERSION = YES;
				CLANG_WARN_CONSTANT_CONVERSION = YES;
				CLANG_WARN_DIRECT_OBJC_ISA_USAGE = YES_ERROR;
				CLANG_WARN_EMPTY_BODY = YES;
				CLANG_WARN_ENUM_CONVERSION = YES;
				CLANG_WARN_INT_CONVERSION = YES;
				CLANG_WARN_OBJC_ROOT_CLASS = YES_ERROR;
				CLANG_WARN__DUPLICATE_METHOD_MATCH = YES;
				"CODE_SIGN_IDENTITY[sdk=iphoneos*]" = "iPhone Developer";
				COPY_PHASE_STRIP = NO;
				GCC_C_LANGUAGE_STANDARD = gnu99;
				GCC_DYNAMIC_NO_PIC = NO;
				GCC_OPTIMIZATION_LEVEL = 0;
				GCC_PREPROCESSOR_DEFINITIONS = (
					"DEBUG=1",
					"$(inherited)",
				);
				GCC_SYMBOLS_PRIVATE_EXTERN = NO;
				GCC_WARN_64_TO_32_BIT_CONVERSION = YES;
				GCC_WARN_ABOUT_RETURN_TYPE = YES_ERROR;
				GCC_WARN_UNDECLARED_SELECTOR = YES;
				GCC_WARN_UNINITIALIZED_AUTOS = YES_AGGRESSIVE;
				GCC_WARN_UNUSED_FUNCTION = YES;
				GCC_WARN_UNUSED_VARIABLE = YES;
				IPHONEOS_DEPLOYMENT_TARGET = 7.1;
				ONLY_ACTIVE_ARCH = YES;
				SDKROOT = iphoneos;
				TARGETED_DEVICE_FAMILY = "1,2";
			};
			name = Debug;
		};
		BC9675021A1B6CC100D9E83D /* Release */ = {
			isa = XCBuildConfiguration;
			buildSettings = {
				ALWAYS_SEARCH_USER_PATHS = NO;
				CLANG_CXX_LANGUAGE_STANDARD = "gnu++0x";
				CLANG_CXX_LIBRARY = "libc++";
				CLANG_ENABLE_MODULES = YES;
				CLANG_ENABLE_OBJC_ARC = YES;
				CLANG_WARN_BOOL_CONVERSION = YES;
				CLANG_WARN_CONSTANT_CONVERSION = YES;
				CLANG_WARN_DIRECT_OBJC_ISA_USAGE = YES_ERROR;
				CLANG_WARN_EMPTY_BODY = YES;
				CLANG_WARN_ENUM_CONVERSION = YES;
				CLANG_WARN_INT_CONVERSION = YES;
				CLANG_WARN_OBJC_ROOT_CLASS = YES_ERROR;
				CLANG_WARN__DUPLICATE_METHOD_MATCH = YES;
				"CODE_SIGN_IDENTITY[sdk=iphoneos*]" = "iPhone Developer";
				COPY_PHASE_STRIP = YES;
				ENABLE_NS_ASSERTIONS = NO;
				GCC_C_LANGUAGE_STANDARD = gnu99;
				GCC_WARN_64_TO_32_BIT_CONVERSION = YES;
				GCC_WARN_ABOUT_RETURN_TYPE = YES_ERROR;
				GCC_WARN_UNDECLARED_SELECTOR = YES;
				GCC_WARN_UNINITIALIZED_AUTOS = YES_AGGRESSIVE;
				GCC_WARN_UNUSED_FUNCTION = YES;
				GCC_WARN_UNUSED_VARIABLE = YES;
				IPHONEOS_DEPLOYMENT_TARGET = 7.1;
				SDKROOT = iphoneos;
				TARGETED_DEVICE_FAMILY = "1,2";
				VALIDATE_PRODUCT = YES;
			};
			name = Release;
		};
		BC9675041A1B6CC100D9E83D /* Debug */ = {
			isa = XCBuildConfiguration;
			buildSettings = {
				ASSETCATALOG_COMPILER_APPICON_NAME = AppIcon;
				ASSETCATALOG_COMPILER_LAUNCHIMAGE_NAME = LaunchImage;
				GCC_PRECOMPILE_PREFIX_HEADER = YES;
				GCC_PREFIX_HEADER = "网易新闻/网易新闻-Prefix.pch";
				INFOPLIST_FILE = "网易新闻/网易新闻-Info.plist";
				PRODUCT_NAME = "$(TARGET_NAME)";
				WRAPPER_EXTENSION = app;
			};
			name = Debug;
		};
		BC9675051A1B6CC100D9E83D /* Release */ = {
			isa = XCBuildConfiguration;
			buildSettings = {
				ASSETCATALOG_COMPILER_APPICON_NAME = AppIcon;
				ASSETCATALOG_COMPILER_LAUNCHIMAGE_NAME = LaunchImage;
				GCC_PRECOMPILE_PREFIX_HEADER = YES;
				GCC_PREFIX_HEADER = "网易新闻/网易新闻-Prefix.pch";
				INFOPLIST_FILE = "网易新闻/网易新闻-Info.plist";
				PRODUCT_NAME = "$(TARGET_NAME)";
				WRAPPER_EXTENSION = app;
			};
			name = Release;
		};
		BC9675071A1B6CC100D9E83D /* Debug */ = {
			isa = XCBuildConfiguration;
			buildSettings = {
				BUNDLE_LOADER = "$(BUILT_PRODUCTS_DIR)/网易新闻.app/网易新闻";
				FRAMEWORK_SEARCH_PATHS = (
					"$(SDKROOT)/Developer/Library/Frameworks",
					"$(inherited)",
					"$(DEVELOPER_FRAMEWORKS_DIR)",
				);
				GCC_PRECOMPILE_PREFIX_HEADER = YES;
				GCC_PREFIX_HEADER = "网易新闻/网易新闻-Prefix.pch";
				GCC_PREPROCESSOR_DEFINITIONS = (
					"DEBUG=1",
					"$(inherited)",
				);
				INFOPLIST_FILE = "网易新闻Tests/网易新闻Tests-Info.plist";
				PRODUCT_NAME = "$(TARGET_NAME)";
				TEST_HOST = "$(BUNDLE_LOADER)";
				WRAPPER_EXTENSION = xctest;
			};
			name = Debug;
		};
		BC9675081A1B6CC100D9E83D /* Release */ = {
			isa = XCBuildConfiguration;
			buildSettings = {
				BUNDLE_LOADER = "$(BUILT_PRODUCTS_DIR)/网易新闻.app/网易新闻";
				FRAMEWORK_SEARCH_PATHS = (
					"$(SDKROOT)/Developer/Library/Frameworks",
					"$(inherited)",
					"$(DEVELOPER_FRAMEWORKS_DIR)",
				);
				GCC_PRECOMPILE_PREFIX_HEADER = YES;
				GCC_PREFIX_HEADER = "网易新闻/网易新闻-Prefix.pch";
				INFOPLIST_FILE = "网易新闻Tests/网易新闻Tests-Info.plist";
				PRODUCT_NAME = "$(TARGET_NAME)";
				TEST_HOST = "$(BUNDLE_LOADER)";
				WRAPPER_EXTENSION = xctest;
			};
			name = Release;
		};
/* End XCBuildConfiguration section */

/* Begin XCConfigurationList section */
		BC9674D21A1B6CC100D9E83D /* Build configuration list for PBXProject "网易新闻" */ = {
			isa = XCConfigurationList;
			buildConfigurations = (
				BC9675011A1B6CC100D9E83D /* Debug */,
				BC9675021A1B6CC100D9E83D /* Release */,
			);
			defaultConfigurationIsVisible = 0;
			defaultConfigurationName = Release;
		};
		BC9675031A1B6CC100D9E83D /* Build configuration list for PBXNativeTarget "网易新闻" */ = {
			isa = XCConfigurationList;
			buildConfigurations = (
				BC9675041A1B6CC100D9E83D /* Debug */,
				BC9675051A1B6CC100D9E83D /* Release */,
			);
			defaultConfigurationIsVisible = 0;
		};
		BC9675061A1B6CC100D9E83D /* Build configuration list for PBXNativeTarget "网易新闻Tests" */ = {
			isa = XCConfigurationList;
			buildConfigurations = (
				BC9675071A1B6CC100D9E83D /* Debug */,
				BC9675081A1B6CC100D9E83D /* Release */,
			);
			defaultConfigurationIsVisible = 0;
		};
/* End XCConfigurationList section */
	};
	rootObject = BC9674CF1A1B6CC100D9E83D /* Project object */;
}
